
Microsoft Visual Studio Solution File, Format Version 12.00
# Visual Studio 15
VisualStudioVersion = 15.0.28307.489
MinimumVisualStudioVersion = 10.0.40219.1
Project("{FAE04EC0-301F-11D3-BF4B-00C04F79EFBC}") = "JobBroad", "JobBroad\JobBroad.csproj", "{3B865B5B-39A6-4183-B503-75320F3254AA}"
EndProject
Project("{FAE04EC0-301F-11D3-BF4B-00C04F79EFBC}") = "Job.Entity", "Job.Entity\Job.Entity.csproj", "{3E7C64C9-9C8D-4BC2-8A56-8C43887AC8AA}"
EndProject
Project("{FAE04EC0-301F-11D3-BF4B-00C04F79EFBC}") = "Job.Common", "Job.Common\Job.Common.csproj", "{1E661CB3-543B-4D62-8F75-027EB5515EF1}"
EndProject
Project("{FAE04EC0-301F-11D3-BF4B-00C04F79EFBC}") = "Job.Repository", "Job.Repository\Job.Repository.csproj", "{357D7072-64A6-40AE-A3C6-4BA3EF1B5BAA}"
EndProject
Global
	GlobalSection(SolutionConfigurationPlatforms) = preSolution
		Debug|Any CPU = Debug|Any CPU
		Release|Any CPU = Release|Any CPU
	EndGlobalSection
	GlobalSection(ProjectConfigurationPlatforms) = postSolution
		{3B865B5B-39A6-4183-B503-75320F3254AA}.Debug|Any CPU.ActiveCfg = Debug|Any CPU
		{3B865B5B-39A6-4183-B503-75320F3254AA}.Debug|Any CPU.Build.0 = Debug|Any CPU
		{3B865B5B-39A6-4183-B503-75320F3254AA}.Release|Any CPU.ActiveCfg = Release|Any CPU
		{3B865B5B-39A6-4183-B503-75320F3254AA}.Release|Any CPU.Build.0 = Release|Any CPU
		{3E7C64C9-9C8D-4BC2-8A56-8C43887AC8AA}.Debug|Any CPU.ActiveCfg = Debug|Any CPU
		{3E7C64C9-9C8D-4BC2-8A56-8C43887AC8AA}.Debug|Any CPU.Build.0 = Debug|Any CPU
		{3E7C64C9-9C8D-4BC2-8A56-8C43887AC8AA}.Release|Any CPU.ActiveCfg = Release|Any CPU
		{3E7C64C9-9C8D-4BC2-8A56-8C43887AC8AA}.Release|Any CPU.Build.0 = Release|Any CPU
		{1E661CB3-543B-4D62-8F75-027EB5515EF1}.Debug|Any CPU.ActiveCfg = Debug|Any CPU
		{1E661CB3-543B-4D62-8F75-027EB5515EF1}.Debug|Any CPU.Build.0 = Debug|Any CPU
		{1E661CB3-543B-4D62-8F75-027EB5515EF1}.Release|Any CPU.ActiveCfg = Release|Any CPU
		{1E661CB3-543B-4D62-8F75-027EB5515EF1}.Release|Any CPU.Build.0 = Release|Any CPU
		{357D7072-64A6-40AE-A3C6-4BA3EF1B5BAA}.Debug|Any CPU.ActiveCfg = Debug|Any CPU
		{357D7072-64A6-40AE-A3C6-4BA3EF1B5BAA}.Debug|Any CPU.Build.0 = Debug|Any CPU
		{357D7072-64A6-40AE-A3C6-4BA3EF1B5BAA}.Release|Any CPU.ActiveCfg = Release|Any CPU
		{357D7072-64A6-40AE-A3C6-4BA3EF1B5BAA}.Release|Any CPU.Build.0 = Release|Any CPU
	EndGlobalSection
	GlobalSection(SolutionProperties) = preSolution
		HideSolutionNode = FALSE
	EndGlobalSection
	GlobalSection(ExtensibilityGlobals) = postSolution
		SolutionGuid = {49005E4B-6291-4F0F-9872-A8A7259105FC}
	EndGlobalSection
EndGlobal
